
Microsoft Visual Studio Solution File, Format Version 12.00
# Visual Studio Version 17
VisualStudioVersion = 17.2.32630.192
MinimumVisualStudioVersion = 10.0.40219.1
Project("{FAE04EC0-301F-11D3-BF4B-00C04F79EFBC}") = "CodecChallenge", "CodecChallenge\CodecChallenge.csproj", "{C8898EC5-75B9-422A-9E75-9A80FACC0C4F}"
EndProject
Project("{FAE04EC0-301F-11D3-BF4B-00C04F79EFBC}") = "CodecChallengeTests", "CodecChallengeTests\CodecChallengeTests.csproj", "{F09BCF07-6FF9-423A-B934-1A28E9E04D55}"
EndProject
Global
	GlobalSection(SolutionConfigurationPlatforms) = preSolution
		Debug|Any CPU = Debug|Any CPU
		Release|Any CPU = Release|Any CPU
	EndGlobalSection
	GlobalSection(ProjectConfigurationPlatforms) = postSolution
		{C8898EC5-75B9-422A-9E75-9A80FACC0C4F}.Debug|Any CPU.ActiveCfg = Debug|Any CPU
		{C8898EC5-75B9-422A-9E75-9A80FACC0C4F}.Debug|Any CPU.Build.0 = Debug|Any CPU
		{C8898EC5-75B9-422A-9E75-9A80FACC0C4F}.Release|Any CPU.ActiveCfg = Release|Any CPU
		{C8898EC5-75B9-422A-9E75-9A80FACC0C4F}.Release|Any CPU.Build.0 = Release|Any CPU
		{F09BCF07-6FF9-423A-B934-1A28E9E04D55}.Debug|Any CPU.ActiveCfg = Debug|Any CPU
		{F09BCF07-6FF9-423A-B934-1A28E9E04D55}.Debug|Any CPU.Build.0 = Debug|Any CPU
		{F09BCF07-6FF9-423A-B934-1A28E9E04D55}.Release|Any CPU.ActiveCfg = Release|Any CPU
		{F09BCF07-6FF9-423A-B934-1A28E9E04D55}.Release|Any CPU.Build.0 = Release|Any CPU
	EndGlobalSection
	GlobalSection(SolutionProperties) = preSolution
		HideSolutionNode = FALSE
	EndGlobalSection
	GlobalSection(ExtensibilityGlobals) = postSolution
		SolutionGuid = {78BD2D17-9B66-44CC-861F-97B55FB232DB}
	EndGlobalSection
EndGlobal
